
Microsoft Visual Studio Solution File, Format Version 12.00
# Visual Studio Version 16
VisualStudioVersion = 16.0.29920.165
MinimumVisualStudioVersion = 10.0.40219.1
Project("{9A19103F-16F7-4668-BE54-9A1E7A4F7556}") = "NCP", "NCP\NCP.csproj", "{017C59BF-33F3-410D-A4F8-BAD3F01B427B}"
EndProject
Project("{9A19103F-16F7-4668-BE54-9A1E7A4F7556}") = "Networking", "Networking\Networking.csproj", "{7C357A20-C548-45C3-842B-4BA0495C5B03}"
EndProject
Project("{9A19103F-16F7-4668-BE54-9A1E7A4F7556}") = "LowpanCmd", "LowpanCmd\LowpanCmd.csproj", "{41CCA24D-CC41-4FE3-A551-C80E62141289}"
EndProject
Project("{9A19103F-16F7-4668-BE54-9A1E7A4F7556}") = "Samples", "Samples\Samples.csproj", "{70CB0FCA-4D39-432B-84AE-EB9BECAEEBCF}"
EndProject
Project("{9A19103F-16F7-4668-BE54-9A1E7A4F7556}") = "StreamDotNetCore", "StreamDotNetCore\StreamDotNetCore.csproj", "{99782C8A-46ED-4311-B0AC-EADC0C99169C}"
EndProject
Global
	GlobalSection(SolutionConfigurationPlatforms) = preSolution
		Debug|Any CPU = Debug|Any CPU
		Debug|ARM = Debug|ARM
		Debug|x64 = Debug|x64
		Debug|x86 = Debug|x86
		Release|Any CPU = Release|Any CPU
		Release|ARM = Release|ARM
		Release|x64 = Release|x64
		Release|x86 = Release|x86
	EndGlobalSection
	GlobalSection(ProjectConfigurationPlatforms) = postSolution
		{017C59BF-33F3-410D-A4F8-BAD3F01B427B}.Debug|Any CPU.ActiveCfg = Debug|Any CPU
		{017C59BF-33F3-410D-A4F8-BAD3F01B427B}.Debug|Any CPU.Build.0 = Debug|Any CPU
		{017C59BF-33F3-410D-A4F8-BAD3F01B427B}.Debug|ARM.ActiveCfg = Debug|Any CPU
		{017C59BF-33F3-410D-A4F8-BAD3F01B427B}.Debug|ARM.Build.0 = Debug|Any CPU
		{017C59BF-33F3-410D-A4F8-BAD3F01B427B}.Debug|x64.ActiveCfg = Debug|Any CPU
		{017C59BF-33F3-410D-A4F8-BAD3F01B427B}.Debug|x64.Build.0 = Debug|Any CPU
		{017C59BF-33F3-410D-A4F8-BAD3F01B427B}.Debug|x86.ActiveCfg = Debug|Any CPU
		{017C59BF-33F3-410D-A4F8-BAD3F01B427B}.Debug|x86.Build.0 = Debug|Any CPU
		{017C59BF-33F3-410D-A4F8-BAD3F01B427B}.Release|Any CPU.ActiveCfg = Release|Any CPU
		{017C59BF-33F3-410D-A4F8-BAD3F01B427B}.Release|Any CPU.Build.0 = Release|Any CPU
		{017C59BF-33F3-410D-A4F8-BAD3F01B427B}.Release|ARM.ActiveCfg = Release|Any CPU
		{017C59BF-33F3-410D-A4F8-BAD3F01B427B}.Release|ARM.Build.0 = Release|Any CPU
		{017C59BF-33F3-410D-A4F8-BAD3F01B427B}.Release|x64.ActiveCfg = Release|Any CPU
		{017C59BF-33F3-410D-A4F8-BAD3F01B427B}.Release|x64.Build.0 = Release|Any CPU
		{017C59BF-33F3-410D-A4F8-BAD3F01B427B}.Release|x86.ActiveCfg = Release|Any CPU
		{017C59BF-33F3-410D-A4F8-BAD3F01B427B}.Release|x86.Build.0 = Release|Any CPU
		{7C357A20-C548-45C3-842B-4BA0495C5B03}.Debug|Any CPU.ActiveCfg = Debug|Any CPU
		{7C357A20-C548-45C3-842B-4BA0495C5B03}.Debug|Any CPU.Build.0 = Debug|Any CPU
		{7C357A20-C548-45C3-842B-4BA0495C5B03}.Debug|ARM.ActiveCfg = Debug|Any CPU
		{7C357A20-C548-45C3-842B-4BA0495C5B03}.Debug|ARM.Build.0 = Debug|Any CPU
		{7C357A20-C548-45C3-842B-4BA0495C5B03}.Debug|x64.ActiveCfg = Debug|Any CPU
		{7C357A20-C548-45C3-842B-4BA0495C5B03}.Debug|x64.Build.0 = Debug|Any CPU
		{7C357A20-C548-45C3-842B-4BA0495C5B03}.Debug|x86.ActiveCfg = Debug|Any CPU
		{7C357A20-C548-45C3-842B-4BA0495C5B03}.Debug|x86.Build.0 = Debug|Any CPU
		{7C357A20-C548-45C3-842B-4BA0495C5B03}.Release|Any CPU.ActiveCfg = Release|Any CPU
		{7C357A20-C548-45C3-842B-4BA0495C5B03}.Release|Any CPU.Build.0 = Release|Any CPU
		{7C357A20-C548-45C3-842B-4BA0495C5B03}.Release|ARM.ActiveCfg = Release|Any CPU
		{7C357A20-C548-45C3-842B-4BA0495C5B03}.Release|ARM.Build.0 = Release|Any CPU
		{7C357A20-C548-45C3-842B-4BA0495C5B03}.Release|x64.ActiveCfg = Release|Any CPU
		{7C357A20-C548-45C3-842B-4BA0495C5B03}.Release|x64.Build.0 = Release|Any CPU
		{7C357A20-C548-45C3-842B-4BA0495C5B03}.Release|x86.ActiveCfg = Release|Any CPU
		{7C357A20-C548-45C3-842B-4BA0495C5B03}.Release|x86.Build.0 = Release|Any CPU
		{41CCA24D-CC41-4FE3-A551-C80E62141289}.Debug|Any CPU.ActiveCfg = Debug|Any CPU
		{41CCA24D-CC41-4FE3-A551-C80E62141289}.Debug|Any CPU.Build.0 = Debug|Any CPU
		{41CCA24D-CC41-4FE3-A551-C80E62141289}.Debug|ARM.ActiveCfg = Debug|Any CPU
		{41CCA24D-CC41-4FE3-A551-C80E62141289}.Debug|ARM.Build.0 = Debug|Any CPU
		{41CCA24D-CC41-4FE3-A551-C80E62141289}.Debug|x64.ActiveCfg = Debug|Any CPU
		{41CCA24D-CC41-4FE3-A551-C80E62141289}.Debug|x64.Build.0 = Debug|Any CPU
		{41CCA24D-CC41-4FE3-A551-C80E62141289}.Debug|x86.ActiveCfg = Debug|Any CPU
		{41CCA24D-CC41-4FE3-A551-C80E62141289}.Debug|x86.Build.0 = Debug|Any CPU
		{41CCA24D-CC41-4FE3-A551-C80E62141289}.Release|Any CPU.ActiveCfg = Release|Any CPU
		{41CCA24D-CC41-4FE3-A551-C80E62141289}.Release|Any CPU.Build.0 = Release|Any CPU
		{41CCA24D-CC41-4FE3-A551-C80E62141289}.Release|ARM.ActiveCfg = Release|Any CPU
		{41CCA24D-CC41-4FE3-A551-C80E62141289}.Release|ARM.Build.0 = Release|Any CPU
		{41CCA24D-CC41-4FE3-A551-C80E62141289}.Release|x64.ActiveCfg = Release|Any CPU
		{41CCA24D-CC41-4FE3-A551-C80E62141289}.Release|x64.Build.0 = Release|Any CPU
		{41CCA24D-CC41-4FE3-A551-C80E62141289}.Release|x86.ActiveCfg = Release|Any CPU
		{41CCA24D-CC41-4FE3-A551-C80E62141289}.Release|x86.Build.0 = Release|Any CPU
		{70CB0FCA-4D39-432B-84AE-EB9BECAEEBCF}.Debug|Any CPU.ActiveCfg = Debug|Any CPU
		{70CB0FCA-4D39-432B-84AE-EB9BECAEEBCF}.Debug|Any CPU.Build.0 = Debug|Any CPU
		{70CB0FCA-4D39-432B-84AE-EB9BECAEEBCF}.Debug|ARM.ActiveCfg = Debug|Any CPU
		{70CB0FCA-4D39-432B-84AE-EB9BECAEEBCF}.Debug|ARM.Build.0 = Debug|Any CPU
		{70CB0FCA-4D39-432B-84AE-EB9BECAEEBCF}.Debug|x64.ActiveCfg = Debug|Any CPU
		{70CB0FCA-4D39-432B-84AE-EB9BECAEEBCF}.Debug|x64.Build.0 = Debug|Any CPU
		{70CB0FCA-4D39-432B-84AE-EB9BECAEEBCF}.Debug|x86.ActiveCfg = Debug|Any CPU
		{70CB0FCA-4D39-432B-84AE-EB9BECAEEBCF}.Debug|x86.Build.0 = Debug|Any CPU
		{70CB0FCA-4D39-432B-84AE-EB9BECAEEBCF}.Release|Any CPU.ActiveCfg = Release|Any CPU
		{70CB0FCA-4D39-432B-84AE-EB9BECAEEBCF}.Release|Any CPU.Build.0 = Release|Any CPU
		{70CB0FCA-4D39-432B-84AE-EB9BECAEEBCF}.Release|ARM.ActiveCfg = Release|Any CPU
		{70CB0FCA-4D39-432B-84AE-EB9BECAEEBCF}.Release|ARM.Build.0 = Release|Any CPU
		{70CB0FCA-4D39-432B-84AE-EB9BECAEEBCF}.Release|x64.ActiveCfg = Release|Any CPU
		{70CB0FCA-4D39-432B-84AE-EB9BECAEEBCF}.Release|x64.Build.0 = Release|Any CPU
		{70CB0FCA-4D39-432B-84AE-EB9BECAEEBCF}.Release|x86.ActiveCfg = Release|Any CPU
		{70CB0FCA-4D39-432B-84AE-EB9BECAEEBCF}.Release|x86.Build.0 = Release|Any CPU
		{99782C8A-46ED-4311-B0AC-EADC0C99169C}.Debug|Any CPU.ActiveCfg = Debug|Any CPU
		{99782C8A-46ED-4311-B0AC-EADC0C99169C}.Debug|Any CPU.Build.0 = Debug|Any CPU
		{99782C8A-46ED-4311-B0AC-EADC0C99169C}.Debug|ARM.ActiveCfg = Debug|Any CPU
		{99782C8A-46ED-4311-B0AC-EADC0C99169C}.Debug|ARM.Build.0 = Debug|Any CPU
		{99782C8A-46ED-4311-B0AC-EADC0C99169C}.Debug|x64.ActiveCfg = Debug|Any CPU
		{99782C8A-46ED-4311-B0AC-EADC0C99169C}.Debug|x64.Build.0 = Debug|Any CPU
		{99782C8A-46ED-4311-B0AC-EADC0C99169C}.Debug|x86.ActiveCfg = Debug|Any CPU
		{99782C8A-46ED-4311-B0AC-EADC0C99169C}.Debug|x86.Build.0 = Debug|Any CPU
		{99782C8A-46ED-4311-B0AC-EADC0C99169C}.Release|Any CPU.ActiveCfg = Release|Any CPU
		{99782C8A-46ED-4311-B0AC-EADC0C99169C}.Release|Any CPU.Build.0 = Release|Any CPU
		{99782C8A-46ED-4311-B0AC-EADC0C99169C}.Release|ARM.ActiveCfg = Release|Any CPU
		{99782C8A-46ED-4311-B0AC-EADC0C99169C}.Release|ARM.Build.0 = Release|Any CPU
		{99782C8A-46ED-4311-B0AC-EADC0C99169C}.Release|x64.ActiveCfg = Release|Any CPU
		{99782C8A-46ED-4311-B0AC-EADC0C99169C}.Release|x64.Build.0 = Release|Any CPU
		{99782C8A-46ED-4311-B0AC-EADC0C99169C}.Release|x86.ActiveCfg = Release|Any CPU
		{99782C8A-46ED-4311-B0AC-EADC0C99169C}.Release|x86.Build.0 = Release|Any CPU
	EndGlobalSection
	GlobalSection(SolutionProperties) = preSolution
		HideSolutionNode = FALSE
	EndGlobalSection
	GlobalSection(ExtensibilityGlobals) = postSolution
		SolutionGuid = {D69E8B6E-CDB1-4B19-A52D-58573B91E622}
	EndGlobalSection
EndGlobal
